// !$*UTF8*$!
{
	archiveVersion = 1;
	classes = {
	};
	objectVersion = 46;
	objects = {

/* Begin PBXBuildFile section */
		AC04C23B1B61699000D67F33 /* AppDelegate.swift in Sources */ = {isa = PBXBuildFile; fileRef = AC04C23A1B61699000D67F33 /* AppDelegate.swift */; };
		AC04C23E1B61699000D67F33 /* Virtual_Tourist.xcdatamodeld in Sources */ = {isa = PBXBuildFile; fileRef = AC04C23C1B61699000D67F33 /* Virtual_Tourist.xcdatamodeld */; };
		AC04C2431B61699000D67F33 /* Main.storyboard in Resources */ = {isa = PBXBuildFile; fileRef = AC04C2411B61699000D67F33 /* Main.storyboard */; };
		AC04C2451B61699000D67F33 /* Images.xcassets in Resources */ = {isa = PBXBuildFile; fileRef = AC04C2441B61699000D67F33 /* Images.xcassets */; };
		AC04C2481B61699000D67F33 /* LaunchScreen.xib in Resources */ = {isa = PBXBuildFile; fileRef = AC04C2461B61699000D67F33 /* LaunchScreen.xib */; };
		AC04C2541B61699000D67F33 /* Virtual_TouristTests.swift in Sources */ = {isa = PBXBuildFile; fileRef = AC04C2531B61699000D67F33 /* Virtual_TouristTests.swift */; };
		AC3CEC171B67407400BDB502 /* ViewController.swift in Sources */ = {isa = PBXBuildFile; fileRef = AC3CEC161B67407400BDB502 /* ViewController.swift */; };
/* End PBXBuildFile section */

/* Begin PBXContainerItemProxy section */
		AC04C24E1B61699000D67F33 /* PBXContainerItemProxy */ = {
			isa = PBXContainerItemProxy;
			containerPortal = AC04C22D1B61699000D67F33 /* Project object */;
			proxyType = 1;
			remoteGlobalIDString = AC04C2341B61699000D67F33;
			remoteInfo = "Virtual Tourist";
		};
/* End PBXContainerItemProxy section */

/* Begin PBXFileReference section */
		AC04C2351B61699000D67F33 /* Virtual Tourist.app */ = {isa = PBXFileReference; explicitFileType = wrapper.application; includeInIndex = 0; path = "Virtual Tourist.app"; sourceTree = BUILT_PRODUCTS_DIR; };
		AC04C2391B61699000D67F33 /* Info.plist */ = {isa = PBXFileReference; lastKnownFileType = text.plist.xml; path = Info.plist; sourceTree = "<group>"; };
		AC04C23A1B61699000D67F33 /* AppDelegate.swift */ = {isa = PBXFileReference; lastKnownFileType = sourcecode.swift; path = AppDelegate.swift; sourceTree = "<group>"; };
		AC04C23D1B61699000D67F33 /* Virtual_Tourist.xcdatamodel */ = {isa = PBXFileReference; lastKnownFileType = wrapper.xcdatamodel; path = Virtual_Tourist.xcdatamodel; sourceTree = "<group>"; };
		AC04C2421B61699000D67F33 /* Base */ = {isa = PBXFileReference; lastKnownFileType = file.storyboard; name = Base; path = Base.lproj/Main.storyboard; sourceTree = "<group>"; };
		AC04C2441B61699000D67F33 /* Images.xcassets */ = {isa = PBXFileReference; lastKnownFileType = folder.assetcatalog; path = Images.xcassets; sourceTree = "<group>"; };
		AC04C2471B61699000D67F33 /* Base */ = {isa = PBXFileReference; lastKnownFileType = file.xib; name = Base; path = Base.lproj/LaunchScreen.xib; sourceTree = "<group>"; };
		AC04C24D1B61699000D67F33 /* Virtual TouristTests.xctest */ = {isa = PBXFileReference; explicitFileType = wrapper.cfbundle; includeInIndex = 0; path = "Virtual TouristTests.xctest"; sourceTree = BUILT_PRODUCTS_DIR; };
		AC04C2521B61699000D67F33 /* Info.plist */ = {isa = PBXFileReference; lastKnownFileType = text.plist.xml; path = Info.plist; sourceTree = "<group>"; };
		AC04C2531B61699000D67F33 /* Virtual_TouristTests.swift */ = {isa = PBXFileReference; lastKnownFileType = sourcecode.swift; path = Virtual_TouristTests.swift; sourceTree = "<group>"; };
		AC3CEC161B67407400BDB502 /* ViewController.swift */ = {isa = PBXFileReference; fileEncoding = 4; lastKnownFileType = sourcecode.swift; path = ViewController.swift; sourceTree = "<group>"; };
/* End PBXFileReference section */

/* Begin PBXFrameworksBuildPhase section */
		AC04C2321B61699000D67F33 /* Frameworks */ = {
			isa = PBXFrameworksBuildPhase;
			buildActionMask = 2147483647;
			files = (
			);
			runOnlyForDeploymentPostprocessing = 0;
		};
		AC04C24A1B61699000D67F33 /* Frameworks */ = {
			isa = PBXFrameworksBuildPhase;
			buildActionMask = 2147483647;
			files = (
			);
			runOnlyForDeploymentPostprocessing = 0;
		};
/* End PBXFrameworksBuildPhase section */

/* Begin PBXGroup section */
		AC04C22C1B61699000D67F33 = {
			isa = PBXGroup;
			children = (
				AC04C2371B61699000D67F33 /* Virtual Tourist */,
				AC04C2501B61699000D67F33 /* Virtual TouristTests */,
				AC04C2361B61699000D67F33 /* Products */,
			);
			sourceTree = "<group>";
		};
		AC04C2361B61699000D67F33 /* Products */ = {
			isa = PBXGroup;
			children = (
				AC04C2351B61699000D67F33 /* Virtual Tourist.app */,
				AC04C24D1B61699000D67F33 /* Virtual TouristTests.xctest */,
			);
			name = Products;
			sourceTree = "<group>";
		};
		AC04C2371B61699000D67F33 /* Virtual Tourist */ = {
			isa = PBXGroup;
			children = (
				AC04C23A1B61699000D67F33 /* AppDelegate.swift */,
				AC3CEC161B67407400BDB502 /* ViewController.swift */,
				AC04C2411B61699000D67F33 /* Main.storyboard */,
				AC04C2441B61699000D67F33 /* Images.xcassets */,
				AC04C2461B61699000D67F33 /* LaunchScreen.xib */,
				AC04C23C1B61699000D67F33 /* Virtual_Tourist.xcdatamodeld */,
				AC04C2381B61699000D67F33 /* Supporting Files */,
			);
			path = "Virtual Tourist";
			sourceTree = "<group>";
		};
		AC04C2381B61699000D67F33 /* Supporting Files */ = {
			isa = PBXGroup;
			children = (
				AC04C2391B61699000D67F33 /* Info.plist */,
			);
			name = "Supporting Files";
			sourceTree = "<group>";
		};
		AC04C2501B61699000D67F33 /* Virtual TouristTests */ = {
			isa = PBXGroup;
			children = (
				AC04C2531B61699000D67F33 /* Virtual_TouristTests.swift */,
				AC04C2511B61699000D67F33 /* Supporting Files */,
			);
			path = "Virtual TouristTests";
			sourceTree = "<group>";
		};
		AC04C2511B61699000D67F33 /* Supporting Files */ = {
			isa = PBXGroup;
			children = (
				AC04C2521B61699000D67F33 /* Info.plist */,
			);
			name = "Supporting Files";
			sourceTree = "<group>";
		};
/* End PBXGroup section */

/* Begin PBXNativeTarget section */
		AC04C2341B61699000D67F33 /* Virtual Tourist */ = {
			isa = PBXNativeTarget;
			buildConfigurationList = AC04C2571B61699000D67F33 /* Build configuration list for PBXNativeTarget "Virtual Tourist" */;
			buildPhases = (
				AC04C2311B61699000D67F33 /* Sources */,
				AC04C2321B61699000D67F33 /* Frameworks */,
				AC04C2331B61699000D67F33 /* Resources */,
			);
			buildRules = (
			);
			dependencies = (
			);
			name = "Virtual Tourist";
			productName = "Virtual Tourist";
			productReference = AC04C2351B61699000D67F33 /* Virtual Tourist.app */;
			productType = "com.apple.product-type.application";
		};
		AC04C24C1B61699000D67F33 /* Virtual TouristTests */ = {
			isa = PBXNativeTarget;
			buildConfigurationList = AC04C25A1B61699000D67F33 /* Build configuration list for PBXNativeTarget "Virtual TouristTests" */;
			buildPhases = (
				AC04C2491B61699000D67F33 /* Sources */,
				AC04C24A1B61699000D67F33 /* Frameworks */,
				AC04C24B1B61699000D67F33 /* Resources */,
			);
			buildRules = (
			);
			dependencies = (
				AC04C24F1B61699000D67F33 /* PBXTargetDependency */,
			);
			name = "Virtual TouristTests";
			productName = "Virtual TouristTests";
			productReference = AC04C24D1B61699000D67F33 /* Virtual TouristTests.xctest */;
			productType = "com.apple.product-type.bundle.unit-test";
		};
/* End PBXNativeTarget section */

/* Begin PBXProject section */
		AC04C22D1B61699000D67F33 /* Project object */ = {
			isa = PBXProject;
			attributes = {
				LastUpgradeCheck = 0640;
				ORGANIZATIONNAME = "Luke Tunnicliffe";
				TargetAttributes = {
					AC04C2341B61699000D67F33 = {
						CreatedOnToolsVersion = 6.4;
					};
					AC04C24C1B61699000D67F33 = {
						CreatedOnToolsVersion = 6.4;
						TestTargetID = AC04C2341B61699000D67F33;
					};
				};
			};
			buildConfigurationList = AC04C2301B61699000D67F33 /* Build configuration list for PBXProject "Virtual Tourist" */;
			compatibilityVersion = "Xcode 3.2";
			developmentRegion = English;
			hasScannedForEncodings = 0;
			knownRegions = (
				en,
				Base,
			);
			mainGroup = AC04C22C1B61699000D67F33;
			productRefGroup = AC04C2361B61699000D67F33 /* Products */;
			projectDirPath = "";
			projectRoot = "";
			targets = (
				AC04C2341B61699000D67F33 /* Virtual Tourist */,
				AC04C24C1B61699000D67F33 /* Virtual TouristTests */,
			);
		};
/* End PBXProject section */

/* Begin PBXResourcesBuildPhase section */
		AC04C2331B61699000D67F33 /* Resources */ = {
			isa = PBXResourcesBuildPhase;
			buildActionMask = 2147483647;
			files = (
				AC04C2431B61699000D67F33 /* Main.storyboard in Resources */,
				AC04C2481B61699000D67F33 /* LaunchScreen.xib in Resources */,
				AC04C2451B61699000D67F33 /* Images.xcassets in Resources */,
			);
			runOnlyForDeploymentPostprocessing = 0;
		};
		AC04C24B1B61699000D67F33 /* Resources */ = {
			isa = PBXResourcesBuildPhase;
			buildActionMask = 2147483647;
			files = (
			);
			runOnlyForDeploymentPostprocessing = 0;
		};
/* End PBXResourcesBuildPhase section */

/* Begin PBXSourcesBuildPhase section */
		AC04C2311B61699000D67F33 /* Sources */ = {
			isa = PBXSourcesBuildPhase;
			buildActionMask = 2147483647;
			files = (
				AC3CEC171B67407400BDB502 /* ViewController.swift in Sources */,
				AC04C23E1B61699000D67F33 /* Virtual_Tourist.xcdatamodeld in Sources */,
				AC04C23B1B61699000D67F33 /* AppDelegate.swift in Sources */,
			);
			runOnlyForDeploymentPostprocessing = 0;
		};
		AC04C2491B61699000D67F33 /* Sources */ = {
			isa = PBXSourcesBuildPhase;
			buildActionMask = 2147483647;
			files = (
				AC04C2541B61699000D67F33 /* Virtual_TouristTests.swift in Sources */,
			);
			runOnlyForDeploymentPostprocessing = 0;
		};
/* End PBXSourcesBuildPhase section */

/* Begin PBXTargetDependency section */
		AC04C24F1B61699000D67F33 /* PBXTargetDependency */ = {
			isa = PBXTargetDependency;
			target = AC04C2341B61699000D67F33 /* Virtual Tourist */;
			targetProxy = AC04C24E1B61699000D67F33 /* PBXContainerItemProxy */;
		};
/* End PBXTargetDependency section */

/* Begin PBXVariantGroup section */
		AC04C2411B61699000D67F33 /* Main.storyboard */ = {
			isa = PBXVariantGroup;
			children = (
				AC04C2421B61699000D67F33 /* Base */,
			);
			name = Main.storyboard;
			sourceTree = "<group>";
		};
		AC04C2461B61699000D67F33 /* LaunchScreen.xib */ = {
			isa = PBXVariantGroup;
			children = (
				AC04C2471B61699000D67F33 /* Base */,
			);
			name = LaunchScreen.xib;
			sourceTree = "<group>";
		};
/* End PBXVariantGroup section */

/* Begin XCBuildConfiguration section */
		AC04C2551B61699000D67F33 /* Debug */ = {
			isa = XCBuildConfiguration;
			buildSettings = {
				ALWAYS_SEARCH_USER_PATHS = NO;
				CLANG_CXX_LANGUAGE_STANDARD = "gnu++0x";
				CLANG_CXX_LIBRARY = "libc++";
				CLANG_ENABLE_MODULES = YES;
				CLANG_ENABLE_OBJC_ARC = YES;
				CLANG_WARN_BOOL_CONVERSION = YES;
				CLANG_WARN_CONSTANT_CONVERSION = YES;
				CLANG_WARN_DIRECT_OBJC_ISA_USAGE = YES_ERROR;
				CLANG_WARN_EMPTY_BODY = YES;
				CLANG_WARN_ENUM_CONVERSION = YES;
				CLANG_WARN_INT_CONVERSION = YES;
				CLANG_WARN_OBJC_ROOT_CLASS = YES_ERROR;
				CLANG_WARN_UNREACHABLE_CODE = YES;
				CLANG_WARN__DUPLICATE_METHOD_MATCH = YES;
				"CODE_SIGN_IDENTITY[sdk=iphoneos*]" = "iPhone Developer";
				COPY_PHASE_STRIP = NO;
				DEBUG_INFORMATION_FORMAT = "dwarf-with-dsym";
				ENABLE_STRICT_OBJC_MSGSEND = YES;
				GCC_C_LANGUAGE_STANDARD = gnu99;
				GCC_DYNAMIC_NO_PIC = NO;
				GCC_NO_COMMON_BLOCKS = YES;
				GCC_OPTIMIZATION_LEVEL = 0;
				GCC_PREPROCESSOR_DEFINITIONS = (
					"DEBUG=1",
					"$(inherited)",
				);
				GCC_SYMBOLS_PRIVATE_EXTERN = NO;
				GCC_WARN_64_TO_32_BIT_CONVERSION = YES;
				GCC_WARN_ABOUT_RETURN_TYPE = YES_ERROR;
				GCC_WARN_UNDECLARED_SELECTOR = YES;
				GCC_WARN_UNINITIALIZED_AUTOS = YES_AGGRESSIVE;
				GCC_WARN_UNUSED_FUNCTION = YES;
				GCC_WARN_UNUSED_VARIABLE = YES;
				IPHONEOS_DEPLOYMENT_TARGET = 8.4;
				MTL_ENABLE_DEBUG_INFO = YES;
				ONLY_ACTIVE_ARCH = YES;
				SDKROOT = iphoneos;
				SWIFT_OPTIMIZATION_LEVEL = "-Onone";
			};
			name = Debug;
		};
		AC04C2561B61699000D67F33 /* Release */ = {
			isa = XCBuildConfiguration;
			buildSettings = {
				ALWAYS_SEARCH_USER_PATHS = NO;
				CLANG_CXX_LANGUAGE_STANDARD = "gnu++0x";
				CLANG_CXX_LIBRARY = "libc++";
				CLANG_ENABLE_MODULES = YES;
				CLANG_ENABLE_OBJC_ARC = YES;
				CLANG_WARN_BOOL_CONVERSION = YES;
				CLANG_WARN_CONSTANT_CONVERSION = YES;
				CLANG_WARN_DIRECT_OBJC_ISA_USAGE = YES_ERROR;
				CLANG_WARN_EMPTY_BODY = YES;
				CLANG_WARN_ENUM_CONVERSION = YES;
				CLANG_WARN_INT_CONVERSION = YES;
				CLANG_WARN_OBJC_ROOT_CLASS = YES_ERROR;
				CLANG_WARN_UNREACHABLE_CODE = YES;
				CLANG_WARN__DUPLICATE_METHOD_MATCH = YES;
				"CODE_SIGN_IDENTITY[sdk=iphoneos*]" = "iPhone Developer";
				COPY_PHASE_STRIP = NO;
				DEBUG_INFORMATION_FORMAT = "dwarf-with-dsym";
				ENABLE_NS_ASSERTIONS = NO;
				ENABLE_STRICT_OBJC_MSGSEND = YES;
				GCC_C_LANGUAGE_STANDARD = gnu99;
				GCC_NO_COMMON_BLOCKS = YES;
				GCC_WARN_64_TO_32_BIT_CONVERSION = YES;
				GCC_WARN_ABOUT_RETURN_TYPE = YES_ERROR;
				GCC_WARN_UNDECLARED_SELECTOR = YES;
				GCC_WARN_UNINITIALIZED_AUTOS = YES_AGGRESSIVE;
				GCC_WARN_UNUSED_FUNCTION = YES;
				GCC_WARN_UNUSED_VARIABLE = YES;
				IPHONEOS_DEPLOYMENT_TARGET = 8.4;
				MTL_ENABLE_DEBUG_INFO = NO;
				SDKROOT = iphoneos;
				VALIDATE_PRODUCT = YES;
			};
			name = Release;
		};
		AC04C2581B61699000D67F33 /* Debug */ = {
			isa = XCBuildConfiguration;
			buildSettings = {
				ASSETCATALOG_COMPILER_APPICON_NAME = AppIcon;
				INFOPLIST_FILE = "Virtual Tourist/Info.plist";
				LD_RUNPATH_SEARCH_PATHS = "$(inherited) @executable_path/Frameworks";
				PRODUCT_NAME = "$(TARGET_NAME)";
			};
			name = Debug;
		};
		AC04C2591B61699000D67F33 /* Release */ = {
			isa = XCBuildConfiguration;
			buildSettings = {
				ASSETCATALOG_COMPILER_APPICON_NAME = AppIcon;
				INFOPLIST_FILE = "Virtual Tourist/Info.plist";
				LD_RUNPATH_SEARCH_PATHS = "$(inherited) @executable_path/Frameworks";
				PRODUCT_NAME = "$(TARGET_NAME)";
			};
			name = Release;
		};
		AC04C25B1B61699000D67F33 /* Debug */ = {
			isa = XCBuildConfiguration;
			buildSettings = {
				BUNDLE_LOADER = "$(TEST_HOST)";
				FRAMEWORK_SEARCH_PATHS = (
					"$(SDKROOT)/Developer/Library/Frameworks",
					"$(inherited)",
				);
				GCC_PREPROCESSOR_DEFINITIONS = (
					"DEBUG=1",
					"$(inherited)",
				);
				INFOPLIST_FILE = "Virtual TouristTests/Info.plist";
				LD_RUNPATH_SEARCH_PATHS = "$(inherited) @executable_path/Frameworks @loader_path/Frameworks";
				PRODUCT_NAME = "$(TARGET_NAME)";
				TEST_HOST = "$(BUILT_PRODUCTS_DIR)/Virtual Tourist.app/Virtual Tourist";
			};
			name = Debug;
		};
		AC04C25C1B61699000D67F33 /* Release */ = {
			isa = XCBuildConfiguration;
			buildSettings = {
				BUNDLE_LOADER = "$(TEST_HOST)";
				FRAMEWORK_SEARCH_PATHS = (
					"$(SDKROOT)/Developer/Library/Frameworks",
					"$(inherited)",
				);
				INFOPLIST_FILE = "Virtual TouristTests/Info.plist";
				LD_RUNPATH_SEARCH_PATHS = "$(inherited) @executable_path/Frameworks @loader_path/Frameworks";
				PRODUCT_NAME = "$(TARGET_NAME)";
				TEST_HOST = "$(BUILT_PRODUCTS_DIR)/Virtual Tourist.app/Virtual Tourist";
			};
			name = Release;
		};
/* End XCBuildConfiguration section */

/* Begin XCConfigurationList section */
		AC04C2301B61699000D67F33 /* Build configuration list for PBXProject "Virtual Tourist" */ = {
			isa = XCConfigurationList;
			buildConfigurations = (
				AC04C2551B61699000D67F33 /* Debug */,
				AC04C2561B61699000D67F33 /* Release */,
			);
			defaultConfigurationIsVisible = 0;
			defaultConfigurationName = Release;
		};
		AC04C2571B61699000D67F33 /* Build configuration list for PBXNativeTarget "Virtual Tourist" */ = {
			isa = XCConfigurationList;
			buildConfigurations = (
				AC04C2581B61699000D67F33 /* Debug */,
				AC04C2591B61699000D67F33 /* Release */,
			);
			defaultConfigurationIsVisible = 0;
			defaultConfigurationName = Release;
		};
		AC04C25A1B61699000D67F33 /* Build configuration list for PBXNativeTarget "Virtual TouristTests" */ = {
			isa = XCConfigurationList;
			buildConfigurations = (
				AC04C25B1B61699000D67F33 /* Debug */,
				AC04C25C1B61699000D67F33 /* Release */,
			);
			defaultConfigurationIsVisible = 0;
			defaultConfigurationName = Release;
		};
/* End XCConfigurationList section */

/* Begin XCVersionGroup section */
		AC04C23C1B61699000D67F33 /* Virtual_Tourist.xcdatamodeld */ = {
			isa = XCVersionGroup;
			children = (
				AC04C23D1B61699000D67F33 /* Virtual_Tourist.xcdatamodel */,
			);
			currentVersion = AC04C23D1B61699000D67F33 /* Virtual_Tourist.xcdatamodel */;
			path = Virtual_Tourist.xcdatamodeld;
			sourceTree = "<group>";
			versionGroupType = wrapper.xcdatamodel;
		};
/* End XCVersionGroup section */
	};
	rootObject = AC04C22D1B61699000D67F33 /* Project object */;
}
